
Microsoft Visual Studio Solution File, Format Version 12.00
# Visual Studio Version 17
VisualStudioVersion = 17.2.32210.308
MinimumVisualStudioVersion = 10.0.40219.1
Project("{9A19103F-16F7-4668-BE54-9A1E7A4F7556}") = "CatalogService", "CatalogService.csproj", "{465983DC-0796-411B-88A5-C364B11CB3E1}"
EndProject
Project("{2150E333-8FDC-42A3-9474-1A3956D46DE8}") = "Solution Items", "Solution Items", "{BF37B94A-9F13-4E29-A6A1-3D3E75A438CA}"
	ProjectSection(SolutionItems) = preProject
		..\K8S\catalog-depl.yaml = ..\K8S\catalog-depl.yaml
		..\K8S\catalog-np-srv.yaml = ..\K8S\catalog-np-srv.yaml
	EndProjectSection
EndProject
Global
	GlobalSection(SolutionConfigurationPlatforms) = preSolution
		Debug|Any CPU = Debug|Any CPU
		Release|Any CPU = Release|Any CPU
	EndGlobalSection
	GlobalSection(ProjectConfigurationPlatforms) = postSolution
		{465983DC-0796-411B-88A5-C364B11CB3E1}.Debug|Any CPU.ActiveCfg = Debug|Any CPU
		{465983DC-0796-411B-88A5-C364B11CB3E1}.Debug|Any CPU.Build.0 = Debug|Any CPU
		{465983DC-0796-411B-88A5-C364B11CB3E1}.Release|Any CPU.ActiveCfg = Release|Any CPU
		{465983DC-0796-411B-88A5-C364B11CB3E1}.Release|Any CPU.Build.0 = Release|Any CPU
	EndGlobalSection
	GlobalSection(SolutionProperties) = preSolution
		HideSolutionNode = FALSE
	EndGlobalSection
	GlobalSection(ExtensibilityGlobals) = postSolution
		SolutionGuid = {16E338F3-B4C2-4F8A-9BE3-CD504A151713}
	EndGlobalSection
EndGlobal
